// !$*UTF8*$!
{
	archiveVersion = 1;
	classes = {
	};
	objectVersion = 55;
	objects = {

/* Begin PBXBuildFile section */
		A7EACA6E28F2E20B00421138 /* main.swift in Sources */ = {isa = PBXBuildFile; fileRef = A7EACA6D28F2E20B00421138 /* main.swift */; };
/* End PBXBuildFile section */

/* Begin PBXCopyFilesBuildPhase section */
		A748543E28D28E4B0070ECE0 /* CopyFiles */ = {
			isa = PBXCopyFilesBuildPhase;
			buildActionMask = 2147483647;
			dstPath = /usr/share/man/man1/;
			dstSubfolderSpec = 0;
			files = (
			);
			runOnlyForDeploymentPostprocessing = 1;
		};
/* End PBXCopyFilesBuildPhase section */

/* Begin PBXFileReference section */
		A704187528D87777001FF3D4 /* 주차요금계산.swift */ = {isa = PBXFileReference; lastKnownFileType = sourcecode.swift; path = "주차요금계산.swift"; sourceTree = "<group>"; wrapsLines = 0; };
		A748544028D28E4B0070ECE0 /* Programmers */ = {isa = PBXFileReference; explicitFileType = "compiled.mach-o.executable"; includeInIndex = 0; path = Programmers; sourceTree = BUILT_PRODUCTS_DIR; };
		A748544328D28E4B0070ECE0 /* 92334.swift */ = {isa = PBXFileReference; lastKnownFileType = sourcecode.swift; path = 92334.swift; sourceTree = "<group>"; };
		A798CB1628F0307300594723 /* 네.swift */ = {isa = PBXFileReference; lastKnownFileType = sourcecode.swift; path = "네.swift"; sourceTree = "<group>"; };
		A798CB1A28F16D1900594723 /* 타.swift */ = {isa = PBXFileReference; lastKnownFileType = sourcecode.swift; path = "타.swift"; sourceTree = "<group>"; };
		A798CB1E28F16E2200594723 /* 최댓값과최솟값.swift */ = {isa = PBXFileReference; lastKnownFileType = sourcecode.swift; path = "최댓값과최솟값.swift"; sourceTree = "<group>"; };
		A798CB2128F1981600594723 /* JadenCase.swift */ = {isa = PBXFileReference; lastKnownFileType = sourcecode.swift; path = JadenCase.swift; sourceTree = "<group>"; };
		A798CB2428F249CE00594723 /* 최솟값만들기.swift */ = {isa = PBXFileReference; lastKnownFileType = sourcecode.swift; path = "최솟값만들기.swift"; sourceTree = "<group>"; };
		A7B9772928D9D27A005519DF /* 두큐합같게만들기.swift */ = {isa = PBXFileReference; lastKnownFileType = sourcecode.swift; path = "두큐합같게만들기.swift"; sourceTree = "<group>"; };
		A7B9772D28D9E981005519DF /* re.swift */ = {isa = PBXFileReference; lastKnownFileType = sourcecode.swift; path = re.swift; sourceTree = "<group>"; };
		A7B9773028DB398D005519DF /* k진수에서소수개수구하기.swift */ = {isa = PBXFileReference; lastKnownFileType = sourcecode.swift; path = "k진수에서소수개수구하기.swift"; sourceTree = "<group>"; };
		A7B9773328DDE50E005519DF /* 양과늑대.swift */ = {isa = PBXFileReference; lastKnownFileType = sourcecode.swift; path = "양과늑대.swift"; sourceTree = "<group>"; };
		A7B9773728DE8E8A005519DF /* 2.swift */ = {isa = PBXFileReference; lastKnownFileType = sourcecode.swift; path = 2.swift; sourceTree = "<group>"; };
		A7B9773B28DEC6F8005519DF /* 1.swift */ = {isa = PBXFileReference; lastKnownFileType = sourcecode.swift; path = 1.swift; sourceTree = "<group>"; };
		A7B9773E28DECE67005519DF /* 2.swift */ = {isa = PBXFileReference; lastKnownFileType = sourcecode.swift; path = 2.swift; sourceTree = "<group>"; };
		A7B9774128DED652005519DF /* 4.swift */ = {isa = PBXFileReference; lastKnownFileType = sourcecode.swift; path = 4.swift; sourceTree = "<group>"; };
		A7B9774428DEDF9F005519DF /* 5.swift */ = {isa = PBXFileReference; lastKnownFileType = sourcecode.swift; path = 5.swift; sourceTree = "<group>"; };
		A7CCA93928F25BDC00C5FCD9 /* 이진.swift */ = {isa = PBXFileReference; lastKnownFileType = sourcecode.swift; path = "이진.swift"; sourceTree = "<group>"; };
		A7EACA6D28F2E20B00421138 /* main.swift */ = {isa = PBXFileReference; lastKnownFileType = sourcecode.swift; path = main.swift; sourceTree = "<group>"; };
		A7FDCB6228D3547B0075FBCD /* 118666 */ = {isa = PBXFileReference; lastKnownFileType = text; path = 118666; sourceTree = "<group>"; };
		A7FDCB6828D49EC60075FBCD /* 72410.swift */ = {isa = PBXFileReference; lastKnownFileType = sourcecode.swift; path = 72410.swift; sourceTree = "<group>"; wrapsLines = 0; };
/* End PBXFileReference section */

/* Begin PBXFrameworksBuildPhase section */
		A748543D28D28E4B0070ECE0 /* Frameworks */ = {
			isa = PBXFrameworksBuildPhase;
			buildActionMask = 2147483647;
			files = (
			);
			runOnlyForDeploymentPostprocessing = 0;
		};
/* End PBXFrameworksBuildPhase section */

/* Begin PBXGroup section */
		A704187328D87757001FF3D4 /* 2022KAKAO */ = {
			isa = PBXGroup;
			children = (
				A7B9773228DDE503005519DF /* 양과늑대 */,
				A7B9772F28DB397F005519DF /* k진수에서소수개수구하기 */,
				A7B9772C28D9E969005519DF /* 파괴되지않은건물 */,
				A704187428D87767001FF3D4 /* 주차요금계산 */,
			);
			path = 2022KAKAO;
			sourceTree = "<group>";
		};
		A704187428D87767001FF3D4 /* 주차요금계산 */ = {
			isa = PBXGroup;
			children = (
				A704187528D87777001FF3D4 /* 주차요금계산.swift */,
			);
			name = "주차요금계산";
			path = "주차요금계산";
			sourceTree = "<group>";
		};
		A748543728D28E4A0070ECE0 = {
			isa = PBXGroup;
			children = (
				A748544228D28E4B0070ECE0 /* Programmers */,
				A748544128D28E4B0070ECE0 /* Products */,
			);
			sourceTree = "<group>";
		};
		A748544128D28E4B0070ECE0 /* Products */ = {
			isa = PBXGroup;
			children = (
				A748544028D28E4B0070ECE0 /* Programmers */,
			);
			name = Products;
			sourceTree = "<group>";
		};
		A748544228D28E4B0070ECE0 /* Programmers */ = {
			isa = PBXGroup;
			children = (
				A7EACA6C28F2E1FE00421138 /* 올바른 괄호 */,
				A7CCA93828F25BCF00C5FCD9 /* 이진 변환 반복하기 */,
				A798CB2328F249C100594723 /* 최솟값만들기 */,
				A798CB2028F1980600594723 /* JadenCase */,
				A798CB1C28F16DEE00594723 /* 최댓값과 최솟값 */,
				A798CB1928F16D0B00594723 /* 타겟넘버 */,
				A798CB1528F0302F00594723 /* 네트워크(DFS.BFS) */,
				A7B9773928DEC624005519DF /* 2023KAKAO */,
				A7B9773528DE8E6B005519DF /* 2022LINE */,
				A7B9772428D9C300005519DF /* 2022KAKAOINTERN */,
				A704187328D87757001FF3D4 /* 2022KAKAO */,
				A7FDCB6728D49EAB0075FBCD /* 72410 */,
				A7FDCB6128D354740075FBCD /* 118666 */,
				A748544B28D28EBC0070ECE0 /* 92334 */,
			);
			path = Programmers;
			sourceTree = "<group>";
		};
		A748544B28D28EBC0070ECE0 /* 92334 */ = {
			isa = PBXGroup;
			children = (
				A748544328D28E4B0070ECE0 /* 92334.swift */,
			);
			path = 92334;
			sourceTree = "<group>";
		};
		A798CB1528F0302F00594723 /* 네트워크(DFS.BFS) */ = {
			isa = PBXGroup;
			children = (
				A798CB1628F0307300594723 /* 네.swift */,
			);
			name = "네트워크(DFS.BFS)";
			path = "네트워크";
			sourceTree = "<group>";
		};
		A798CB1928F16D0B00594723 /* 타겟넘버 */ = {
			isa = PBXGroup;
			children = (
				A798CB1A28F16D1900594723 /* 타.swift */,
			);
			name = "타겟넘버";
			path = "타겟넘버";
			sourceTree = "<group>";
		};
		A798CB1C28F16DEE00594723 /* 최댓값과 최솟값 */ = {
			isa = PBXGroup;
			children = (
				A798CB1E28F16E2200594723 /* 최댓값과최솟값.swift */,
			);
			name = "최댓값과 최솟값";
			path = "최댓값과 최솟값";
			sourceTree = "<group>";
		};
		A798CB2028F1980600594723 /* JadenCase */ = {
			isa = PBXGroup;
			children = (
				A798CB2128F1981600594723 /* JadenCase.swift */,
			);
			path = JadenCase;
			sourceTree = "<group>";
		};
		A798CB2328F249C100594723 /* 최솟값만들기 */ = {
			isa = PBXGroup;
			children = (
				A798CB2428F249CE00594723 /* 최솟값만들기.swift */,
			);
			name = "최솟값만들기";
			path = "최솟값만들기";
			sourceTree = "<group>";
		};
		A7B9772428D9C300005519DF /* 2022KAKAOINTERN */ = {
			isa = PBXGroup;
			children = (
				A7B9772528D9C311005519DF /* 두큐합같게만들기 */,
			);
			path = 2022KAKAOINTERN;
			sourceTree = "<group>";
		};
		A7B9772528D9C311005519DF /* 두큐합같게만들기 */ = {
			isa = PBXGroup;
			children = (
				A7B9772928D9D27A005519DF /* 두큐합같게만들기.swift */,
			);
			name = "두큐합같게만들기";
			path = "두큐합같게만들기";
			sourceTree = "<group>";
		};
		A7B9772C28D9E969005519DF /* 파괴되지않은건물 */ = {
			isa = PBXGroup;
			children = (
				A7B9772D28D9E981005519DF /* re.swift */,
			);
			name = "파괴되지않은건물";
			path = "파괴되지않은건물";
			sourceTree = "<group>";
		};
		A7B9772F28DB397F005519DF /* k진수에서소수개수구하기 */ = {
			isa = PBXGroup;
			children = (
				A7B9773028DB398D005519DF /* k진수에서소수개수구하기.swift */,
			);
			name = "k진수에서소수개수구하기";
			path = "k진수에서소수개수구하기";
			sourceTree = "<group>";
		};
		A7B9773228DDE503005519DF /* 양과늑대 */ = {
			isa = PBXGroup;
			children = (
				A7B9773328DDE50E005519DF /* 양과늑대.swift */,
			);
			name = "양과늑대";
			path = "양과늑대";
			sourceTree = "<group>";
		};
		A7B9773528DE8E6B005519DF /* 2022LINE */ = {
			isa = PBXGroup;
			children = (
				A7B9773628DE8E73005519DF /* 2 */,
			);
			path = 2022LINE;
			sourceTree = "<group>";
		};
		A7B9773628DE8E73005519DF /* 2 */ = {
			isa = PBXGroup;
			children = (
				A7B9773728DE8E8A005519DF /* 2.swift */,
			);
			path = 2;
			sourceTree = "<group>";
		};
		A7B9773928DEC624005519DF /* 2023KAKAO */ = {
			isa = PBXGroup;
			children = (
				A7B9774328DEDF99005519DF /* 5 */,
				A7B9774028DED64B005519DF /* 4 */,
				A7B9773D28DECE60005519DF /* 2 */,
				A7B9773A28DEC6F0005519DF /* 1 */,
			);
			path = 2023KAKAO;
			sourceTree = "<group>";
		};
		A7B9773A28DEC6F0005519DF /* 1 */ = {
			isa = PBXGroup;
			children = (
				A7B9773B28DEC6F8005519DF /* 1.swift */,
			);
			path = 1;
			sourceTree = "<group>";
		};
		A7B9773D28DECE60005519DF /* 2 */ = {
			isa = PBXGroup;
			children = (
				A7B9773E28DECE67005519DF /* 2.swift */,
			);
			path = 2;
			sourceTree = "<group>";
		};
		A7B9774028DED64B005519DF /* 4 */ = {
			isa = PBXGroup;
			children = (
				A7B9774128DED652005519DF /* 4.swift */,
			);
			path = 4;
			sourceTree = "<group>";
		};
		A7B9774328DEDF99005519DF /* 5 */ = {
			isa = PBXGroup;
			children = (
				A7B9774428DEDF9F005519DF /* 5.swift */,
			);
			path = 5;
			sourceTree = "<group>";
		};
		A7CCA93828F25BCF00C5FCD9 /* 이진 변환 반복하기 */ = {
			isa = PBXGroup;
			children = (
				A7CCA93928F25BDC00C5FCD9 /* 이진.swift */,
			);
			name = "이진 변환 반복하기";
			path = "이진 변환 반복하기";
			sourceTree = "<group>";
		};
		A7EACA6C28F2E1FE00421138 /* 올바른 괄호 */ = {
			isa = PBXGroup;
			children = (
				A7EACA6D28F2E20B00421138 /* main.swift */,
			);
			name = "올바른 괄호";
			path = "올바른 괄호";
			sourceTree = "<group>";
		};
		A7FDCB6128D354740075FBCD /* 118666 */ = {
			isa = PBXGroup;
			children = (
				A7FDCB6228D3547B0075FBCD /* 118666 */,
			);
			path = 118666;
			sourceTree = "<group>";
		};
		A7FDCB6728D49EAB0075FBCD /* 72410 */ = {
			isa = PBXGroup;
			children = (
				A7FDCB6828D49EC60075FBCD /* 72410.swift */,
			);
			path = 72410;
			sourceTree = "<group>";
		};
/* End PBXGroup section */

/* Begin PBXNativeTarget section */
		A748543F28D28E4B0070ECE0 /* Programmers */ = {
			isa = PBXNativeTarget;
			buildConfigurationList = A748544728D28E4B0070ECE0 /* Build configuration list for PBXNativeTarget "Programmers" */;
			buildPhases = (
				A748543C28D28E4B0070ECE0 /* Sources */,
				A748543D28D28E4B0070ECE0 /* Frameworks */,
				A748543E28D28E4B0070ECE0 /* CopyFiles */,
			);
			buildRules = (
			);
			dependencies = (
			);
			name = Programmers;
			productName = Programmers;
			productReference = A748544028D28E4B0070ECE0 /* Programmers */;
			productType = "com.apple.product-type.tool";
		};
/* End PBXNativeTarget section */

/* Begin PBXProject section */
		A748543828D28E4A0070ECE0 /* Project object */ = {
			isa = PBXProject;
			attributes = {
				BuildIndependentTargetsInParallel = 1;
				LastSwiftUpdateCheck = 1340;
				LastUpgradeCheck = 1340;
				TargetAttributes = {
					A748543F28D28E4B0070ECE0 = {
						CreatedOnToolsVersion = 13.4.1;
						LastSwiftMigration = 1340;
					};
				};
			};
			buildConfigurationList = A748543B28D28E4A0070ECE0 /* Build configuration list for PBXProject "Programmers" */;
			compatibilityVersion = "Xcode 13.0";
			developmentRegion = en;
			hasScannedForEncodings = 0;
			knownRegions = (
				en,
				Base,
			);
			mainGroup = A748543728D28E4A0070ECE0;
			productRefGroup = A748544128D28E4B0070ECE0 /* Products */;
			projectDirPath = "";
			projectRoot = "";
			targets = (
				A748543F28D28E4B0070ECE0 /* Programmers */,
			);
		};
/* End PBXProject section */

/* Begin PBXSourcesBuildPhase section */
		A748543C28D28E4B0070ECE0 /* Sources */ = {
			isa = PBXSourcesBuildPhase;
			buildActionMask = 2147483647;
			files = (
				A7EACA6E28F2E20B00421138 /* main.swift in Sources */,
			);
			runOnlyForDeploymentPostprocessing = 0;
		};
/* End PBXSourcesBuildPhase section */

/* Begin XCBuildConfiguration section */
		A748544528D28E4B0070ECE0 /* Debug */ = {
			isa = XCBuildConfiguration;
			buildSettings = {
				ALWAYS_SEARCH_USER_PATHS = NO;
				CLANG_ANALYZER_NONNULL = YES;
				CLANG_ANALYZER_NUMBER_OBJECT_CONVERSION = YES_AGGRESSIVE;
				CLANG_CXX_LANGUAGE_STANDARD = "gnu++17";
				CLANG_ENABLE_MODULES = YES;
				CLANG_ENABLE_OBJC_ARC = YES;
				CLANG_ENABLE_OBJC_WEAK = YES;
				CLANG_WARN_BLOCK_CAPTURE_AUTORELEASING = YES;
				CLANG_WARN_BOOL_CONVERSION = YES;
				CLANG_WARN_COMMA = YES;
				CLANG_WARN_CONSTANT_CONVERSION = YES;
				CLANG_WARN_DEPRECATED_OBJC_IMPLEMENTATIONS = YES;
				CLANG_WARN_DIRECT_OBJC_ISA_USAGE = YES_ERROR;
				CLANG_WARN_DOCUMENTATION_COMMENTS = YES;
				CLANG_WARN_EMPTY_BODY = YES;
				CLANG_WARN_ENUM_CONVERSION = YES;
				CLANG_WARN_INFINITE_RECURSION = YES;
				CLANG_WARN_INT_CONVERSION = YES;
				CLANG_WARN_NON_LITERAL_NULL_CONVERSION = YES;
				CLANG_WARN_OBJC_IMPLICIT_RETAIN_SELF = YES;
				CLANG_WARN_OBJC_LITERAL_CONVERSION = YES;
				CLANG_WARN_OBJC_ROOT_CLASS = YES_ERROR;
				CLANG_WARN_QUOTED_INCLUDE_IN_FRAMEWORK_HEADER = YES;
				CLANG_WARN_RANGE_LOOP_ANALYSIS = YES;
				CLANG_WARN_STRICT_PROTOTYPES = YES;
				CLANG_WARN_SUSPICIOUS_MOVE = YES;
				CLANG_WARN_UNGUARDED_AVAILABILITY = YES_AGGRESSIVE;
				CLANG_WARN_UNREACHABLE_CODE = YES;
				CLANG_WARN__DUPLICATE_METHOD_MATCH = YES;
				COPY_PHASE_STRIP = NO;
				DEBUG_INFORMATION_FORMAT = dwarf;
				ENABLE_STRICT_OBJC_MSGSEND = YES;
				ENABLE_TESTABILITY = YES;
				GCC_C_LANGUAGE_STANDARD = gnu11;
				GCC_DYNAMIC_NO_PIC = NO;
				GCC_NO_COMMON_BLOCKS = YES;
				GCC_OPTIMIZATION_LEVEL = 0;
				GCC_PREPROCESSOR_DEFINITIONS = (
					"DEBUG=1",
					"$(inherited)",
				);
				GCC_WARN_64_TO_32_BIT_CONVERSION = YES;
				GCC_WARN_ABOUT_RETURN_TYPE = YES_ERROR;
				GCC_WARN_UNDECLARED_SELECTOR = YES;
				GCC_WARN_UNINITIALIZED_AUTOS = YES_AGGRESSIVE;
				GCC_WARN_UNUSED_FUNCTION = YES;
				GCC_WARN_UNUSED_VARIABLE = YES;
				MACOSX_DEPLOYMENT_TARGET = 12.3;
				MTL_ENABLE_DEBUG_INFO = INCLUDE_SOURCE;
				MTL_FAST_MATH = YES;
				ONLY_ACTIVE_ARCH = YES;
				SDKROOT = macosx;
				SWIFT_ACTIVE_COMPILATION_CONDITIONS = DEBUG;
				SWIFT_OPTIMIZATION_LEVEL = "-Onone";
			};
			name = Debug;
		};
		A748544628D28E4B0070ECE0 /* Release */ = {
			isa = XCBuildConfiguration;
			buildSettings = {
				ALWAYS_SEARCH_USER_PATHS = NO;
				CLANG_ANALYZER_NONNULL = YES;
				CLANG_ANALYZER_NUMBER_OBJECT_CONVERSION = YES_AGGRESSIVE;
				CLANG_CXX_LANGUAGE_STANDARD = "gnu++17";
				CLANG_ENABLE_MODULES = YES;
				CLANG_ENABLE_OBJC_ARC = YES;
				CLANG_ENABLE_OBJC_WEAK = YES;
				CLANG_WARN_BLOCK_CAPTURE_AUTORELEASING = YES;
				CLANG_WARN_BOOL_CONVERSION = YES;
				CLANG_WARN_COMMA = YES;
				CLANG_WARN_CONSTANT_CONVERSION = YES;
				CLANG_WARN_DEPRECATED_OBJC_IMPLEMENTATIONS = YES;
				CLANG_WARN_DIRECT_OBJC_ISA_USAGE = YES_ERROR;
				CLANG_WARN_DOCUMENTATION_COMMENTS = YES;
				CLANG_WARN_EMPTY_BODY = YES;
				CLANG_WARN_ENUM_CONVERSION = YES;
				CLANG_WARN_INFINITE_RECURSION = YES;
				CLANG_WARN_INT_CONVERSION = YES;
				CLANG_WARN_NON_LITERAL_NULL_CONVERSION = YES;
				CLANG_WARN_OBJC_IMPLICIT_RETAIN_SELF = YES;
				CLANG_WARN_OBJC_LITERAL_CONVERSION = YES;
				CLANG_WARN_OBJC_ROOT_CLASS = YES_ERROR;
				CLANG_WARN_QUOTED_INCLUDE_IN_FRAMEWORK_HEADER = YES;
				CLANG_WARN_RANGE_LOOP_ANALYSIS = YES;
				CLANG_WARN_STRICT_PROTOTYPES = YES;
				CLANG_WARN_SUSPICIOUS_MOVE = YES;
				CLANG_WARN_UNGUARDED_AVAILABILITY = YES_AGGRESSIVE;
				CLANG_WARN_UNREACHABLE_CODE = YES;
				CLANG_WARN__DUPLICATE_METHOD_MATCH = YES;
				COPY_PHASE_STRIP = NO;
				DEBUG_INFORMATION_FORMAT = "dwarf-with-dsym";
				ENABLE_NS_ASSERTIONS = NO;
				ENABLE_STRICT_OBJC_MSGSEND = YES;
				GCC_C_LANGUAGE_STANDARD = gnu11;
				GCC_NO_COMMON_BLOCKS = YES;
				GCC_WARN_64_TO_32_BIT_CONVERSION = YES;
				GCC_WARN_ABOUT_RETURN_TYPE = YES_ERROR;
				GCC_WARN_UNDECLARED_SELECTOR = YES;
				GCC_WARN_UNINITIALIZED_AUTOS = YES_AGGRESSIVE;
				GCC_WARN_UNUSED_FUNCTION = YES;
				GCC_WARN_UNUSED_VARIABLE = YES;
				MACOSX_DEPLOYMENT_TARGET = 12.3;
				MTL_ENABLE_DEBUG_INFO = NO;
				MTL_FAST_MATH = YES;
				SDKROOT = macosx;
				SWIFT_COMPILATION_MODE = wholemodule;
				SWIFT_OPTIMIZATION_LEVEL = "-O";
			};
			name = Release;
		};
		A748544828D28E4B0070ECE0 /* Debug */ = {
			isa = XCBuildConfiguration;
			buildSettings = {
				CLANG_ENABLE_MODULES = YES;
				CODE_SIGN_STYLE = Automatic;
				DEVELOPMENT_TEAM = S45U2Z8NHP;
				ENABLE_HARDENED_RUNTIME = YES;
				LD_RUNPATH_SEARCH_PATHS = (
					"$(inherited)",
					"@executable_path/../Frameworks",
					"@loader_path/../Frameworks",
				);
				PRODUCT_NAME = "$(TARGET_NAME)";
				SWIFT_OPTIMIZATION_LEVEL = "-Onone";
				SWIFT_VERSION = 5.0;
			};
			name = Debug;
		};
		A748544928D28E4B0070ECE0 /* Release */ = {
			isa = XCBuildConfiguration;
			buildSettings = {
				CLANG_ENABLE_MODULES = YES;
				CODE_SIGN_STYLE = Automatic;
				DEVELOPMENT_TEAM = S45U2Z8NHP;
				ENABLE_HARDENED_RUNTIME = YES;
				LD_RUNPATH_SEARCH_PATHS = (
					"$(inherited)",
					"@executable_path/../Frameworks",
					"@loader_path/../Frameworks",
				);
				PRODUCT_NAME = "$(TARGET_NAME)";
				SWIFT_VERSION = 5.0;
			};
			name = Release;
		};
/* End XCBuildConfiguration section */

/* Begin XCConfigurationList section */
		A748543B28D28E4A0070ECE0 /* Build configuration list for PBXProject "Programmers" */ = {
			isa = XCConfigurationList;
			buildConfigurations = (
				A748544528D28E4B0070ECE0 /* Debug */,
				A748544628D28E4B0070ECE0 /* Release */,
			);
			defaultConfigurationIsVisible = 0;
			defaultConfigurationName = Release;
		};
		A748544728D28E4B0070ECE0 /* Build configuration list for PBXNativeTarget "Programmers" */ = {
			isa = XCConfigurationList;
			buildConfigurations = (
				A748544828D28E4B0070ECE0 /* Debug */,
				A748544928D28E4B0070ECE0 /* Release */,
			);
			defaultConfigurationIsVisible = 0;
			defaultConfigurationName = Release;
		};
/* End XCConfigurationList section */
	};
	rootObject = A748543828D28E4A0070ECE0 /* Project object */;
}
